
Microsoft Visual Studio Solution File, Format Version 12.00
# Visual Studio Version 17
VisualStudioVersion = 17.4.33122.133
MinimumVisualStudioVersion = 10.0.40219.1
Project("{FAE04EC0-301F-11D3-BF4B-00C04F79EFBC}") = "Csharp-Homework", "Csharp-Homework\Csharp-Homework.csproj", "{70A6CB48-F47A-4380-BA4F-5ED7CB332807}"
EndProject
Global
	GlobalSection(SolutionConfigurationPlatforms) = preSolution
		Debug|Any CPU = Debug|Any CPU
		Release|Any CPU = Release|Any CPU
	EndGlobalSection
	GlobalSection(ProjectConfigurationPlatforms) = postSolution
		{70A6CB48-F47A-4380-BA4F-5ED7CB332807}.Debug|Any CPU.ActiveCfg = Debug|Any CPU
		{70A6CB48-F47A-4380-BA4F-5ED7CB332807}.Debug|Any CPU.Build.0 = Debug|Any CPU
		{70A6CB48-F47A-4380-BA4F-5ED7CB332807}.Release|Any CPU.ActiveCfg = Release|Any CPU
		{70A6CB48-F47A-4380-BA4F-5ED7CB332807}.Release|Any CPU.Build.0 = Release|Any CPU
	EndGlobalSection
	GlobalSection(SolutionProperties) = preSolution
		HideSolutionNode = FALSE
	EndGlobalSection
	GlobalSection(ExtensibilityGlobals) = postSolution
		SolutionGuid = {DD2CE88C-AA4B-415E-80D5-DABD2755CA90}
	EndGlobalSection
EndGlobal
